// !$*UTF8*$!
{
	archiveVersion = 1;
	classes = {
	};
	objectVersion = 46;
	objects = {

/* Begin PBXBuildFile section */
		39B2FF88B51988F15A6637BE /* Pods_Shared.framework in Frameworks */ = {isa = PBXBuildFile; fileRef = 069EACA75147B97464D9E559 /* Pods_Shared.framework */; };
		5A2D612F135B440FD9851A17 /* Pods_SharedTests.framework in Frameworks */ = {isa = PBXBuildFile; fileRef = 23AEC76A853AC2699798EE67 /* Pods_SharedTests.framework */; };
		76A684771F23B3D100C773DB /* Shared.framework in Frameworks */ = {isa = PBXBuildFile; fileRef = 76A6846D1F23B3D100C773DB /* Shared.framework */; };
		76A6847C1F23B3D100C773DB /* SharedTests.swift in Sources */ = {isa = PBXBuildFile; fileRef = 76A6847B1F23B3D100C773DB /* SharedTests.swift */; };
		76A6847E1F23B3D100C773DB /* Shared.h in Headers */ = {isa = PBXBuildFile; fileRef = 76A684701F23B3D100C773DB /* Shared.h */; settings = {ATTRIBUTES = (Public, ); }; };
		76A6848A1F240BD600C773DB /* AppContext.swift in Sources */ = {isa = PBXBuildFile; fileRef = 76A684891F240BD600C773DB /* AppContext.swift */; };
/* End PBXBuildFile section */

/* Begin PBXContainerItemProxy section */
		76A684781F23B3D100C773DB /* PBXContainerItemProxy */ = {
			isa = PBXContainerItemProxy;
			containerPortal = 76A684641F23B3D100C773DB /* Project object */;
			proxyType = 1;
			remoteGlobalIDString = 76A6846C1F23B3D100C773DB;
			remoteInfo = Shared;
		};
/* End PBXContainerItemProxy section */

/* Begin PBXFileReference section */
		069EACA75147B97464D9E559 /* Pods_Shared.framework */ = {isa = PBXFileReference; explicitFileType = wrapper.framework; includeInIndex = 0; path = Pods_Shared.framework; sourceTree = BUILT_PRODUCTS_DIR; };
		077357B1AB6F00C4892924DE /* Pods-Shared.debug.xcconfig */ = {isa = PBXFileReference; includeInIndex = 1; lastKnownFileType = text.xcconfig; name = "Pods-Shared.debug.xcconfig"; path = "Pods/Target Support Files/Pods-Shared/Pods-Shared.debug.xcconfig"; sourceTree = "<group>"; };
		23AEC76A853AC2699798EE67 /* Pods_SharedTests.framework */ = {isa = PBXFileReference; explicitFileType = wrapper.framework; includeInIndex = 0; path = Pods_SharedTests.framework; sourceTree = BUILT_PRODUCTS_DIR; };
		392FD58F5682DD789C828414 /* Pods-SharedTests.debug.xcconfig */ = {isa = PBXFileReference; includeInIndex = 1; lastKnownFileType = text.xcconfig; name = "Pods-SharedTests.debug.xcconfig"; path = "Pods/Target Support Files/Pods-SharedTests/Pods-SharedTests.debug.xcconfig"; sourceTree = "<group>"; };
		3AAD9260ADF258E969CC9988 /* Pods-Shared.release.xcconfig */ = {isa = PBXFileReference; includeInIndex = 1; lastKnownFileType = text.xcconfig; name = "Pods-Shared.release.xcconfig"; path = "Pods/Target Support Files/Pods-Shared/Pods-Shared.release.xcconfig"; sourceTree = "<group>"; };
		4CAD8567E587392FA8C38E18 /* Pods-SharedTests.release.xcconfig */ = {isa = PBXFileReference; includeInIndex = 1; lastKnownFileType = text.xcconfig; name = "Pods-SharedTests.release.xcconfig"; path = "Pods/Target Support Files/Pods-SharedTests/Pods-SharedTests.release.xcconfig"; sourceTree = "<group>"; };
		76A6846D1F23B3D100C773DB /* Shared.framework */ = {isa = PBXFileReference; explicitFileType = wrapper.framework; includeInIndex = 0; path = Shared.framework; sourceTree = BUILT_PRODUCTS_DIR; };
		76A684701F23B3D100C773DB /* Shared.h */ = {isa = PBXFileReference; lastKnownFileType = sourcecode.c.h; path = Shared.h; sourceTree = "<group>"; };
		76A684711F23B3D100C773DB /* Info.plist */ = {isa = PBXFileReference; lastKnownFileType = text.plist.xml; path = Info.plist; sourceTree = "<group>"; };
		76A684761F23B3D100C773DB /* SharedTests.xctest */ = {isa = PBXFileReference; explicitFileType = wrapper.cfbundle; includeInIndex = 0; path = SharedTests.xctest; sourceTree = BUILT_PRODUCTS_DIR; };
		76A6847B1F23B3D100C773DB /* SharedTests.swift */ = {isa = PBXFileReference; lastKnownFileType = sourcecode.swift; path = SharedTests.swift; sourceTree = "<group>"; };
		76A6847D1F23B3D100C773DB /* Info.plist */ = {isa = PBXFileReference; lastKnownFileType = text.plist.xml; path = Info.plist; sourceTree = "<group>"; };
		76A684891F240BD600C773DB /* AppContext.swift */ = {isa = PBXFileReference; fileEncoding = 4; lastKnownFileType = sourcecode.swift; path = AppContext.swift; sourceTree = "<group>"; };
/* End PBXFileReference section */

/* Begin PBXFrameworksBuildPhase section */
		76A684691F23B3D100C773DB /* Frameworks */ = {
			isa = PBXFrameworksBuildPhase;
			buildActionMask = 2147483647;
			files = (
				39B2FF88B51988F15A6637BE /* Pods_Shared.framework in Frameworks */,
			);
			runOnlyForDeploymentPostprocessing = 0;
		};
		76A684731F23B3D100C773DB /* Frameworks */ = {
			isa = PBXFrameworksBuildPhase;
			buildActionMask = 2147483647;
			files = (
				76A684771F23B3D100C773DB /* Shared.framework in Frameworks */,
				5A2D612F135B440FD9851A17 /* Pods_SharedTests.framework in Frameworks */,
			);
			runOnlyForDeploymentPostprocessing = 0;
		};
/* End PBXFrameworksBuildPhase section */

/* Begin PBXGroup section */
		421DE2F93E1E57FBDAADE7FA /* Pods */ = {
			isa = PBXGroup;
			children = (
				077357B1AB6F00C4892924DE /* Pods-Shared.debug.xcconfig */,
				3AAD9260ADF258E969CC9988 /* Pods-Shared.release.xcconfig */,
				392FD58F5682DD789C828414 /* Pods-SharedTests.debug.xcconfig */,
				4CAD8567E587392FA8C38E18 /* Pods-SharedTests.release.xcconfig */,
			);
			name = Pods;
			sourceTree = "<group>";
		};
		76A684631F23B3D100C773DB = {
			isa = PBXGroup;
			children = (
				76A6846F1F23B3D100C773DB /* Shared */,
				76A6847A1F23B3D100C773DB /* SharedTests */,
				76A6846E1F23B3D100C773DB /* Products */,
				421DE2F93E1E57FBDAADE7FA /* Pods */,
				FED3D7CEE9F7412A74E1407D /* Frameworks */,
			);
			sourceTree = "<group>";
		};
		76A6846E1F23B3D100C773DB /* Products */ = {
			isa = PBXGroup;
			children = (
				76A6846D1F23B3D100C773DB /* Shared.framework */,
				76A684761F23B3D100C773DB /* SharedTests.xctest */,
			);
			name = Products;
			sourceTree = "<group>";
		};
		76A6846F1F23B3D100C773DB /* Shared */ = {
			isa = PBXGroup;
			children = (
				76A684701F23B3D100C773DB /* Shared.h */,
				76A684711F23B3D100C773DB /* Info.plist */,
				76A684891F240BD600C773DB /* AppContext.swift */,
			);
			path = Shared;
			sourceTree = "<group>";
		};
		76A6847A1F23B3D100C773DB /* SharedTests */ = {
			isa = PBXGroup;
			children = (
				76A6847B1F23B3D100C773DB /* SharedTests.swift */,
				76A6847D1F23B3D100C773DB /* Info.plist */,
			);
			path = SharedTests;
			sourceTree = "<group>";
		};
		FED3D7CEE9F7412A74E1407D /* Frameworks */ = {
			isa = PBXGroup;
			children = (
				069EACA75147B97464D9E559 /* Pods_Shared.framework */,
				23AEC76A853AC2699798EE67 /* Pods_SharedTests.framework */,
			);
			name = Frameworks;
			sourceTree = "<group>";
		};
/* End PBXGroup section */

/* Begin PBXHeadersBuildPhase section */
		76A6846A1F23B3D100C773DB /* Headers */ = {
			isa = PBXHeadersBuildPhase;
			buildActionMask = 2147483647;
			files = (
				76A6847E1F23B3D100C773DB /* Shared.h in Headers */,
			);
			runOnlyForDeploymentPostprocessing = 0;
		};
/* End PBXHeadersBuildPhase section */

/* Begin PBXNativeTarget section */
		76A6846C1F23B3D100C773DB /* Shared */ = {
			isa = PBXNativeTarget;
			buildConfigurationList = 76A684811F23B3D100C773DB /* Build configuration list for PBXNativeTarget "Shared" */;
			buildPhases = (
				AC14DE1836CF92147D7B0CAC /* [CP] Check Pods Manifest.lock */,
				76A684681F23B3D100C773DB /* Sources */,
				76A684691F23B3D100C773DB /* Frameworks */,
				76A6846A1F23B3D100C773DB /* Headers */,
				76A6846B1F23B3D100C773DB /* Resources */,
				AE2F786E59BB674BCE9A64CA /* [CP] Copy Pods Resources */,
			);
			buildRules = (
			);
			dependencies = (
			);
			name = Shared;
			productName = Shared;
			productReference = 76A6846D1F23B3D100C773DB /* Shared.framework */;
			productType = "com.apple.product-type.framework";
		};
		76A684751F23B3D100C773DB /* SharedTests */ = {
			isa = PBXNativeTarget;
			buildConfigurationList = 76A684841F23B3D100C773DB /* Build configuration list for PBXNativeTarget "SharedTests" */;
			buildPhases = (
				BBCB94674DB36F2BB4F63197 /* [CP] Check Pods Manifest.lock */,
				76A684721F23B3D100C773DB /* Sources */,
				76A684731F23B3D100C773DB /* Frameworks */,
				76A684741F23B3D100C773DB /* Resources */,
				BEFE7D78BAAF932AD8FE0660 /* [CP] Embed Pods Frameworks */,
				D0275C2973FF7FEACA151DE2 /* [CP] Copy Pods Resources */,
			);
			buildRules = (
			);
			dependencies = (
				76A684791F23B3D100C773DB /* PBXTargetDependency */,
			);
			name = SharedTests;
			productName = SharedTests;
			productReference = 76A684761F23B3D100C773DB /* SharedTests.xctest */;
			productType = "com.apple.product-type.bundle.unit-test";
		};
/* End PBXNativeTarget section */

/* Begin PBXProject section */
		76A684641F23B3D100C773DB /* Project object */ = {
			isa = PBXProject;
			attributes = {
				LastSwiftUpdateCheck = 0830;
				LastUpgradeCheck = 0830;
				ORGANIZATIONNAME = br.com.inacio;
				TargetAttributes = {
					76A6846C1F23B3D100C773DB = {
						CreatedOnToolsVersion = 8.3.3;
						LastSwiftMigration = 0830;
						ProvisioningStyle = Automatic;
					};
					76A684751F23B3D100C773DB = {
						CreatedOnToolsVersion = 8.3.3;
						ProvisioningStyle = Automatic;
					};
				};
			};
			buildConfigurationList = 76A684671F23B3D100C773DB /* Build configuration list for PBXProject "Shared" */;
			compatibilityVersion = "Xcode 3.2";
			developmentRegion = English;
			hasScannedForEncodings = 0;
			knownRegions = (
				en,
			);
			mainGroup = 76A684631F23B3D100C773DB;
			productRefGroup = 76A6846E1F23B3D100C773DB /* Products */;
			projectDirPath = "";
			projectRoot = "";
			targets = (
				76A6846C1F23B3D100C773DB /* Shared */,
				76A684751F23B3D100C773DB /* SharedTests */,
			);
		};
/* End PBXProject section */

/* Begin PBXResourcesBuildPhase section */
		76A6846B1F23B3D100C773DB /* Resources */ = {
			isa = PBXResourcesBuildPhase;
			buildActionMask = 2147483647;
			files = (
			);
			runOnlyForDeploymentPostprocessing = 0;
		};
		76A684741F23B3D100C773DB /* Resources */ = {
			isa = PBXResourcesBuildPhase;
			buildActionMask = 2147483647;
			files = (
			);
			runOnlyForDeploymentPostprocessing = 0;
		};
/* End PBXResourcesBuildPhase section */

/* Begin PBXShellScriptBuildPhase section */
		AC14DE1836CF92147D7B0CAC /* [CP] Check Pods Manifest.lock */ = {
			isa = PBXShellScriptBuildPhase;
			buildActionMask = 2147483647;
			files = (
			);
			inputPaths = (
			);
			name = "[CP] Check Pods Manifest.lock";
			outputPaths = (
			);
			runOnlyForDeploymentPostprocessing = 0;
			shellPath = /bin/sh;
			shellScript = "diff \"${PODS_PODFILE_DIR_PATH}/Podfile.lock\" \"${PODS_ROOT}/Manifest.lock\" > /dev/null\nif [ $? != 0 ] ; then\n    # print error to STDERR\n    echo \"error: The sandbox is not in sync with the Podfile.lock. Run 'pod install' or update your CocoaPods installation.\" >&2\n    exit 1\nfi\n";
			showEnvVarsInLog = 0;
		};
		AE2F786E59BB674BCE9A64CA /* [CP] Copy Pods Resources */ = {
			isa = PBXShellScriptBuildPhase;
			buildActionMask = 2147483647;
			files = (
			);
			inputPaths = (
			);
			name = "[CP] Copy Pods Resources";
			outputPaths = (
			);
			runOnlyForDeploymentPostprocessing = 0;
			shellPath = /bin/sh;
			shellScript = "\"${SRCROOT}/Pods/Target Support Files/Pods-Shared/Pods-Shared-resources.sh\"\n";
			showEnvVarsInLog = 0;
		};
		BBCB94674DB36F2BB4F63197 /* [CP] Check Pods Manifest.lock */ = {
			isa = PBXShellScriptBuildPhase;
			buildActionMask = 2147483647;
			files = (
			);
			inputPaths = (
			);
			name = "[CP] Check Pods Manifest.lock";
			outputPaths = (
			);
			runOnlyForDeploymentPostprocessing = 0;
			shellPath = /bin/sh;
			shellScript = "diff \"${PODS_PODFILE_DIR_PATH}/Podfile.lock\" \"${PODS_ROOT}/Manifest.lock\" > /dev/null\nif [ $? != 0 ] ; then\n    # print error to STDERR\n    echo \"error: The sandbox is not in sync with the Podfile.lock. Run 'pod install' or update your CocoaPods installation.\" >&2\n    exit 1\nfi\n";
			showEnvVarsInLog = 0;
		};
		BEFE7D78BAAF932AD8FE0660 /* [CP] Embed Pods Frameworks */ = {
			isa = PBXShellScriptBuildPhase;
			buildActionMask = 2147483647;
			files = (
			);
			inputPaths = (
			);
			name = "[CP] Embed Pods Frameworks";
			outputPaths = (
			);
			runOnlyForDeploymentPostprocessing = 0;
			shellPath = /bin/sh;
			shellScript = "\"${SRCROOT}/Pods/Target Support Files/Pods-SharedTests/Pods-SharedTests-frameworks.sh\"\n";
			showEnvVarsInLog = 0;
		};
		D0275C2973FF7FEACA151DE2 /* [CP] Copy Pods Resources */ = {
			isa = PBXShellScriptBuildPhase;
			buildActionMask = 2147483647;
			files = (
			);
			inputPaths = (
			);
			name = "[CP] Copy Pods Resources";
			outputPaths = (
			);
			runOnlyForDeploymentPostprocessing = 0;
			shellPath = /bin/sh;
			shellScript = "\"${SRCROOT}/Pods/Target Support Files/Pods-SharedTests/Pods-SharedTests-resources.sh\"\n";
			showEnvVarsInLog = 0;
		};
/* End PBXShellScriptBuildPhase section */

/* Begin PBXSourcesBuildPhase section */
		76A684681F23B3D100C773DB /* Sources */ = {
			isa = PBXSourcesBuildPhase;
			buildActionMask = 2147483647;
			files = (
				76A6848A1F240BD600C773DB /* AppContext.swift in Sources */,
			);
			runOnlyForDeploymentPostprocessing = 0;
		};
		76A684721F23B3D100C773DB /* Sources */ = {
			isa = PBXSourcesBuildPhase;
			buildActionMask = 2147483647;
			files = (
				76A6847C1F23B3D100C773DB /* SharedTests.swift in Sources */,
			);
			runOnlyForDeploymentPostprocessing = 0;
		};
/* End PBXSourcesBuildPhase section */

/* Begin PBXTargetDependency section */
		76A684791F23B3D100C773DB /* PBXTargetDependency */ = {
			isa = PBXTargetDependency;
			target = 76A6846C1F23B3D100C773DB /* Shared */;
			targetProxy = 76A684781F23B3D100C773DB /* PBXContainerItemProxy */;
		};
/* End PBXTargetDependency section */

/* Begin XCBuildConfiguration section */
		76A6847F1F23B3D100C773DB /* Debug */ = {
			isa = XCBuildConfiguration;
			buildSettings = {
				ALWAYS_SEARCH_USER_PATHS = NO;
				CLANG_ANALYZER_NONNULL = YES;
				CLANG_ANALYZER_NUMBER_OBJECT_CONVERSION = YES_AGGRESSIVE;
				CLANG_CXX_LANGUAGE_STANDARD = "gnu++0x";
				CLANG_CXX_LIBRARY = "libc++";
				CLANG_ENABLE_MODULES = YES;
				CLANG_ENABLE_OBJC_ARC = YES;
				CLANG_WARN_BOOL_CONVERSION = YES;
				CLANG_WARN_CONSTANT_CONVERSION = YES;
				CLANG_WARN_DIRECT_OBJC_ISA_USAGE = YES_ERROR;
				CLANG_WARN_DOCUMENTATION_COMMENTS = YES;
				CLANG_WARN_EMPTY_BODY = YES;
				CLANG_WARN_ENUM_CONVERSION = YES;
				CLANG_WARN_INFINITE_RECURSION = YES;
				CLANG_WARN_INT_CONVERSION = YES;
				CLANG_WARN_OBJC_ROOT_CLASS = YES_ERROR;
				CLANG_WARN_SUSPICIOUS_MOVE = YES;
				CLANG_WARN_UNREACHABLE_CODE = YES;
				CLANG_WARN__DUPLICATE_METHOD_MATCH = YES;
				"CODE_SIGN_IDENTITY[sdk=iphoneos*]" = "iPhone Developer";
				COPY_PHASE_STRIP = NO;
				CURRENT_PROJECT_VERSION = 1;
				DEBUG_INFORMATION_FORMAT = dwarf;
				ENABLE_STRICT_OBJC_MSGSEND = YES;
				ENABLE_TESTABILITY = YES;
				GCC_C_LANGUAGE_STANDARD = gnu99;
				GCC_DYNAMIC_NO_PIC = NO;
				GCC_NO_COMMON_BLOCKS = YES;
				GCC_OPTIMIZATION_LEVEL = 0;
				GCC_PREPROCESSOR_DEFINITIONS = (
					"DEBUG=1",
					"$(inherited)",
				);
				GCC_WARN_64_TO_32_BIT_CONVERSION = YES;
				GCC_WARN_ABOUT_RETURN_TYPE = YES_ERROR;
				GCC_WARN_UNDECLARED_SELECTOR = YES;
				GCC_WARN_UNINITIALIZED_AUTOS = YES_AGGRESSIVE;
				GCC_WARN_UNUSED_FUNCTION = YES;
				GCC_WARN_UNUSED_VARIABLE = YES;
				IPHONEOS_DEPLOYMENT_TARGET = 10.3;
				MTL_ENABLE_DEBUG_INFO = YES;
				ONLY_ACTIVE_ARCH = YES;
				SDKROOT = iphoneos;
				SWIFT_ACTIVE_COMPILATION_CONDITIONS = DEBUG;
				SWIFT_OPTIMIZATION_LEVEL = "-Onone";
				TARGETED_DEVICE_FAMILY = "1,2";
				VERSIONING_SYSTEM = "apple-generic";
				VERSION_INFO_PREFIX = "";
			};
			name = Debug;
		};
		76A684801F23B3D100C773DB /* Release */ = {
			isa = XCBuildConfiguration;
			buildSettings = {
				ALWAYS_SEARCH_USER_PATHS = NO;
				CLANG_ANALYZER_NONNULL = YES;
				CLANG_ANALYZER_NUMBER_OBJECT_CONVERSION = YES_AGGRESSIVE;
				CLANG_CXX_LANGUAGE_STANDARD = "gnu++0x";
				CLANG_CXX_LIBRARY = "libc++";
				CLANG_ENABLE_MODULES = YES;
				CLANG_ENABLE_OBJC_ARC = YES;
				CLANG_WARN_BOOL_CONVERSION = YES;
				CLANG_WARN_CONSTANT_CONVERSION = YES;
				CLANG_WARN_DIRECT_OBJC_ISA_USAGE = YES_ERROR;
				CLANG_WARN_DOCUMENTATION_COMMENTS = YES;
				CLANG_WARN_EMPTY_BODY = YES;
				CLANG_WARN_ENUM_CONVERSION = YES;
				CLANG_WARN_INFINITE_RECURSION = YES;
				CLANG_WARN_INT_CONVERSION = YES;
				CLANG_WARN_OBJC_ROOT_CLASS = YES_ERROR;
				CLANG_WARN_SUSPICIOUS_MOVE = YES;
				CLANG_WARN_UNREACHABLE_CODE = YES;
				CLANG_WARN__DUPLICATE_METHOD_MATCH = YES;
				"CODE_SIGN_IDENTITY[sdk=iphoneos*]" = "iPhone Developer";
				COPY_PHASE_STRIP = NO;
				CURRENT_PROJECT_VERSION = 1;
				DEBUG_INFORMATION_FORMAT = "dwarf-with-dsym";
				ENABLE_NS_ASSERTIONS = NO;
				ENABLE_STRICT_OBJC_MSGSEND = YES;
				GCC_C_LANGUAGE_STANDARD = gnu99;
				GCC_NO_COMMON_BLOCKS = YES;
				GCC_WARN_64_TO_32_BIT_CONVERSION = YES;
				GCC_WARN_ABOUT_RETURN_TYPE = YES_ERROR;
				GCC_WARN_UNDECLARED_SELECTOR = YES;
				GCC_WARN_UNINITIALIZED_AUTOS = YES_AGGRESSIVE;
				GCC_WARN_UNUSED_FUNCTION = YES;
				GCC_WARN_UNUSED_VARIABLE = YES;
				IPHONEOS_DEPLOYMENT_TARGET = 10.3;
				MTL_ENABLE_DEBUG_INFO = NO;
				SDKROOT = iphoneos;
				SWIFT_OPTIMIZATION_LEVEL = "-Owholemodule";
				TARGETED_DEVICE_FAMILY = "1,2";
				VALIDATE_PRODUCT = YES;
				VERSIONING_SYSTEM = "apple-generic";
				VERSION_INFO_PREFIX = "";
			};
			name = Release;
		};
		76A684821F23B3D100C773DB /* Debug */ = {
			isa = XCBuildConfiguration;
			baseConfigurationReference = 077357B1AB6F00C4892924DE /* Pods-Shared.debug.xcconfig */;
			buildSettings = {
				CLANG_ENABLE_MODULES = YES;
				CODE_SIGN_IDENTITY = "";
				DEFINES_MODULE = YES;
				DYLIB_COMPATIBILITY_VERSION = 1;
				DYLIB_CURRENT_VERSION = 1;
				DYLIB_INSTALL_NAME_BASE = "@rpath";
				INFOPLIST_FILE = Shared/Info.plist;
				INSTALL_PATH = "$(LOCAL_LIBRARY_DIR)/Frameworks";
				LD_RUNPATH_SEARCH_PATHS = "$(inherited) @executable_path/Frameworks @loader_path/Frameworks";
				PRODUCT_BUNDLE_IDENTIFIER = br.com.inacio.Shared;
				PRODUCT_NAME = "$(TARGET_NAME)";
				SKIP_INSTALL = YES;
				SWIFT_OPTIMIZATION_LEVEL = "-Onone";
				SWIFT_VERSION = 3.0;
			};
			name = Debug;
		};
		76A684831F23B3D100C773DB /* Release */ = {
			isa = XCBuildConfiguration;
			baseConfigurationReference = 3AAD9260ADF258E969CC9988 /* Pods-Shared.release.xcconfig */;
			buildSettings = {
				CLANG_ENABLE_MODULES = YES;
				CODE_SIGN_IDENTITY = "";
				DEFINES_MODULE = YES;
				DYLIB_COMPATIBILITY_VERSION = 1;
				DYLIB_CURRENT_VERSION = 1;
				DYLIB_INSTALL_NAME_BASE = "@rpath";
				INFOPLIST_FILE = Shared/Info.plist;
				INSTALL_PATH = "$(LOCAL_LIBRARY_DIR)/Frameworks";
				LD_RUNPATH_SEARCH_PATHS = "$(inherited) @executable_path/Frameworks @loader_path/Frameworks";
				PRODUCT_BUNDLE_IDENTIFIER = br.com.inacio.Shared;
				PRODUCT_NAME = "$(TARGET_NAME)";
				SKIP_INSTALL = YES;
				SWIFT_VERSION = 3.0;
			};
			name = Release;
		};
		76A684851F23B3D100C773DB /* Debug */ = {
			isa = XCBuildConfiguration;
			baseConfigurationReference = 392FD58F5682DD789C828414 /* Pods-SharedTests.debug.xcconfig */;
			buildSettings = {
				INFOPLIST_FILE = SharedTests/Info.plist;
				LD_RUNPATH_SEARCH_PATHS = "$(inherited) @executable_path/Frameworks @loader_path/Frameworks";
				PRODUCT_BUNDLE_IDENTIFIER = br.com.inacio.SharedTests;
				PRODUCT_NAME = "$(TARGET_NAME)";
				SWIFT_VERSION = 3.0;
			};
			name = Debug;
		};
		76A684861F23B3D100C773DB /* Release */ = {
			isa = XCBuildConfiguration;
			baseConfigurationReference = 4CAD8567E587392FA8C38E18 /* Pods-SharedTests.release.xcconfig */;
			buildSettings = {
				INFOPLIST_FILE = SharedTests/Info.plist;
				LD_RUNPATH_SEARCH_PATHS = "$(inherited) @executable_path/Frameworks @loader_path/Frameworks";
				PRODUCT_BUNDLE_IDENTIFIER = br.com.inacio.SharedTests;
				PRODUCT_NAME = "$(TARGET_NAME)";
				SWIFT_VERSION = 3.0;
			};
			name = Release;
		};
/* End XCBuildConfiguration section */

/* Begin XCConfigurationList section */
		76A684671F23B3D100C773DB /* Build configuration list for PBXProject "Shared" */ = {
			isa = XCConfigurationList;
			buildConfigurations = (
				76A6847F1F23B3D100C773DB /* Debug */,
				76A684801F23B3D100C773DB /* Release */,
			);
			defaultConfigurationIsVisible = 0;
			defaultConfigurationName = Release;
		};
		76A684811F23B3D100C773DB /* Build configuration list for PBXNativeTarget "Shared" */ = {
			isa = XCConfigurationList;
			buildConfigurations = (
				76A684821F23B3D100C773DB /* Debug */,
				76A684831F23B3D100C773DB /* Release */,
			);
			defaultConfigurationIsVisible = 0;
			defaultConfigurationName = Release;
		};
		76A684841F23B3D100C773DB /* Build configuration list for PBXNativeTarget "SharedTests" */ = {
			isa = XCConfigurationList;
			buildConfigurations = (
				76A684851F23B3D100C773DB /* Debug */,
				76A684861F23B3D100C773DB /* Release */,
			);
			defaultConfigurationIsVisible = 0;
			defaultConfigurationName = Release;
		};
/* End XCConfigurationList section */
	};
	rootObject = 76A684641F23B3D100C773DB /* Project object */;
}
